
Microsoft Visual Studio Solution File, Format Version 12.00
# Visual Studio 15
VisualStudioVersion = 15.0.28010.2036
MinimumVisualStudioVersion = 10.0.40219.1
Project("{FAE04EC0-301F-11D3-BF4B-00C04F79EFBC}") = "HelloWorld", "HelloWorld\HelloWorld.csproj", "{6717A695-A8BC-404C-A926-697D63EE5649}"
EndProject
Global
	GlobalSection(SolutionConfigurationPlatforms) = preSolution
		Debug|Any CPU = Debug|Any CPU
		Release|Any CPU = Release|Any CPU
	EndGlobalSection
	GlobalSection(ProjectConfigurationPlatforms) = postSolution
		{6717A695-A8BC-404C-A926-697D63EE5649}.Debug|Any CPU.ActiveCfg = Debug|Any CPU
		{6717A695-A8BC-404C-A926-697D63EE5649}.Debug|Any CPU.Build.0 = Debug|Any CPU
		{6717A695-A8BC-404C-A926-697D63EE5649}.Release|Any CPU.ActiveCfg = Release|Any CPU
		{6717A695-A8BC-404C-A926-697D63EE5649}.Release|Any CPU.Build.0 = Release|Any CPU
	EndGlobalSection
	GlobalSection(SolutionProperties) = preSolution
		HideSolutionNode = FALSE
	EndGlobalSection
	GlobalSection(ExtensibilityGlobals) = postSolution
		SolutionGuid = {089643BA-59FB-41AD-801B-AA6A43948B8B}
	EndGlobalSection
EndGlobal
